
Microsoft Visual Studio Solution File, Format Version 12.00
# Visual Studio Version 17
VisualStudioVersion = 17.0.32126.317
MinimumVisualStudioVersion = 10.0.40219.1
Project("{9A19103F-16F7-4668-BE54-9A1E7A4F7556}") = "FATWA_WEB", "FATWA_WEB\FATWA_WEB.csproj", "{ACA74796-33CD-4F38-9894-3C28452587B1}"
	ProjectSection(ProjectDependencies) = postProject
		{E8F3B3A0-B16C-43FF-83EB-253D23B4D125} = {E8F3B3A0-B16C-43FF-83EB-253D23B4D125}
	EndProjectSection
EndProject
Project("{2150E333-8FDC-42A3-9474-1A3956D46DE8}") = "APPLICATION_DOMAIN", "APPLICATION_DOMAIN", "{D37A90E6-DA54-4E0A-AFE5-9B81FD287106}"
EndProject
Project("{2150E333-8FDC-42A3-9474-1A3956D46DE8}") = "WEB_UI", "WEB_UI", "{E7F349A6-71F3-461E-A951-C00E974E8939}"
EndProject
Project("{2150E333-8FDC-42A3-9474-1A3956D46DE8}") = "INFRASTRUCTURE", "INFRASTRUCTURE", "{EBDCFD7A-98F2-415D-B7B0-0E9D681D3E12}"
EndProject
Project("{2150E333-8FDC-42A3-9474-1A3956D46DE8}") = "API", "API", "{2D58BDDA-7771-46AE-8330-7057367005B0}"
EndProject
Project("{2150E333-8FDC-42A3-9474-1A3956D46DE8}") = "UNIT_TEST", "UNIT_TEST", "{42DEF72C-0FFF-44D8-A1CF-3E7D2E976CA1}"
EndProject
Project("{9A19103F-16F7-4668-BE54-9A1E7A4F7556}") = "FATWA_API", "FATWA_API\FATWA_API.csproj", "{F583548F-B044-4AA0-80B4-73E6569EBCE2}"
EndProject
Project("{9A19103F-16F7-4668-BE54-9A1E7A4F7556}") = "FATWA_DOMAIN", "FATWA_DOMAIN\FATWA_DOMAIN.csproj", "{1FE9F151-32D1-40C9-AD43-10E9B9CE462E}"
EndProject
Project("{9A19103F-16F7-4668-BE54-9A1E7A4F7556}") = "FATWA_INFRASTRUCTURE", "FATWA_INFRASTRUCTURE\FATWA_INFRASTRUCTURE.csproj", "{34CADB2E-8C6C-4860-952E-34A0CFB376C8}"
EndProject
Project("{9A19103F-16F7-4668-BE54-9A1E7A4F7556}") = "FATWA_GENERAL", "FATWA_GENERAL\FATWA_GENERAL.csproj", "{1EBC258E-38E9-4752-852D-4CF6B75D7BF7}"
EndProject
Project("{2150E333-8FDC-42A3-9474-1A3956D46DE8}") = "SQL", "SQL", "{2E935436-A7D0-4466-8DB8-5BF5516C2CB5}"
	ProjectSection(SolutionItems) = preProject
		Lookups_Sheet.html = Lookups_Sheet.html
		Update.sql = Update.sql
	EndProjectSection
EndProject
Project("{2150E333-8FDC-42A3-9474-1A3956D46DE8}") = "ADMIN_UI", "ADMIN_UI", "{19A45906-2574-4CAF-BA9B-37D6C18D7698}"
EndProject
Project("{9A19103F-16F7-4668-BE54-9A1E7A4F7556}") = "FATWA_ADMIN", "FATWA_ADMIN\FATWA_ADMIN.csproj", "{E8F3B3A0-B16C-43FF-83EB-253D23B4D125}"
EndProject
Project("{2150E333-8FDC-42A3-9474-1A3956D46DE8}") = "RABBITMQCONSUMER", "RABBITMQCONSUMER", "{1D79F21A-7C44-4C30-9322-F667D2B08B59}"
EndProject
Project("{9A19103F-16F7-4668-BE54-9A1E7A4F7556}") = "FATWACONSUMER", "FATWACONSUMER\FATWACONSUMER.csproj", "{30C76DFC-C693-424A-91BD-FE5280237804}"
EndProject
Project("{9A19103F-16F7-4668-BE54-9A1E7A4F7556}") = "FATWAUNIT_TEST", "FATWAUNIT_TEST\FATWAUNIT_TEST.csproj", "{C78ACCC2-36EB-4A4F-9E5A-AD7A13476B97}"
EndProject
Project("{2150E333-8FDC-42A3-9474-1A3956D46DE8}") = "LatestV", "LatestV", "{F3051D67-D616-4032-A1D0-F71CAC9AFF31}"
EndProject
Project("{2150E333-8FDC-42A3-9474-1A3956D46DE8}") = "CHANGESSCRIPT", "CHANGESSCRIPT", "{89E451A5-2D5D-4867-82AB-FA98FE4C57AF}"
	ProjectSection(SolutionItems) = preProject
		tCS.sql = tCS.sql
		tInsert.sql = tInsert.sql
	EndProjectSection
EndProject
Project("{2150E333-8FDC-42A3-9474-1A3956D46DE8}") = "SCHEMA", "SCHEMA", "{3394F0F2-EB90-48E9-8482-885E9AE71A6A}"
	ProjectSection(SolutionItems) = preProject
		MissingTranslation.sql = MissingTranslation.sql
		pXLOG.sql = pXLOG.sql
		tInsert.sql = tInsert.sql
		Translation.sql = Translation.sql
		tSCRIPT.sql = tSCRIPT.sql
	EndProjectSection
EndProject
Project("{2150E333-8FDC-42A3-9474-1A3956D46DE8}") = "DMS", "DMS", "{B3FFDABB-0ADA-4E61-8B21-DA6B74731AED}"
EndProject
Project("{9A19103F-16F7-4668-BE54-9A1E7A4F7556}") = "DMS_API", "DMS_API\DMS_API.csproj", "{D5DD551E-7BE6-4177-B51B-C8582830DD91}"
EndProject
Project("{9A19103F-16F7-4668-BE54-9A1E7A4F7556}") = "DMS_WEB", "DMS_WEB\DMS_WEB.csproj", "{8FB446C5-DC93-42AA-9CD8-F766F3F2E5AE}"
EndProject
Project("{2150E333-8FDC-42A3-9474-1A3956D46DE8}") = "DMS", "DMS", "{9EAE9061-0249-4B8B-A606-01E614A0F6B7}"
	ProjectSection(SolutionItems) = preProject
		DMSScripts.sql = DMSScripts.sql
	EndProjectSection
EndProject
Project("{2150E333-8FDC-42A3-9474-1A3956D46DE8}") = "AUTOMATIONSERVICES", "AUTOMATIONSERVICES", "{F153B697-283A-40FC-967B-ABBBCFC56BA0}"
EndProject
Project("{9A19103F-16F7-4668-BE54-9A1E7A4F7556}") = "FATWATIMEINTERVALSERVICES", "TimeInterverlService\FATWATIMEINTERVALSERVICES.csproj", "{B81BAAE5-147D-4D59-9FA3-C50F926475D8}"
EndProject
Project("{9A19103F-16F7-4668-BE54-9A1E7A4F7556}") = "TARASOLRPACONSUMER", "TARASOLRPACONSUMER\TARASOLRPACONSUMER.csproj", "{7C8C11FF-B5F6-45CD-96DC-9E38364CF1F7}"
EndProject
Project("{2150E333-8FDC-42A3-9474-1A3956D46DE8}") = "DS_SOAPAPI", "DS_SOAPAPI", "{080ABBB8-205E-433F-8ABA-5CB6999755B4}"
EndProject
Project("{9A19103F-16F7-4668-BE54-9A1E7A4F7556}") = "DS_SOAPAPI", "DS_SOAPAPI\DS_SOAPAPI.csproj", "{89FCFF19-CF79-496F-A5EE-3CB30277D180}"
EndProject
Global
	GlobalSection(SolutionConfigurationPlatforms) = preSolution
		Debug|Any CPU = Debug|Any CPU
		Release|Any CPU = Release|Any CPU
	EndGlobalSection
	GlobalSection(ProjectConfigurationPlatforms) = postSolution
		{ACA74796-33CD-4F38-9894-3C28452587B1}.Debug|Any CPU.ActiveCfg = Debug|Any CPU
		{ACA74796-33CD-4F38-9894-3C28452587B1}.Debug|Any CPU.Build.0 = Debug|Any CPU
		{ACA74796-33CD-4F38-9894-3C28452587B1}.Release|Any CPU.ActiveCfg = Release|Any CPU
		{ACA74796-33CD-4F38-9894-3C28452587B1}.Release|Any CPU.Build.0 = Release|Any CPU
		{F583548F-B044-4AA0-80B4-73E6569EBCE2}.Debug|Any CPU.ActiveCfg = Debug|Any CPU
		{F583548F-B044-4AA0-80B4-73E6569EBCE2}.Debug|Any CPU.Build.0 = Debug|Any CPU
		{F583548F-B044-4AA0-80B4-73E6569EBCE2}.Release|Any CPU.ActiveCfg = Release|Any CPU
		{F583548F-B044-4AA0-80B4-73E6569EBCE2}.Release|Any CPU.Build.0 = Release|Any CPU
		{1FE9F151-32D1-40C9-AD43-10E9B9CE462E}.Debug|Any CPU.ActiveCfg = Debug|Any CPU
		{1FE9F151-32D1-40C9-AD43-10E9B9CE462E}.Debug|Any CPU.Build.0 = Debug|Any CPU
		{1FE9F151-32D1-40C9-AD43-10E9B9CE462E}.Release|Any CPU.ActiveCfg = Release|Any CPU
		{1FE9F151-32D1-40C9-AD43-10E9B9CE462E}.Release|Any CPU.Build.0 = Release|Any CPU
		{34CADB2E-8C6C-4860-952E-34A0CFB376C8}.Debug|Any CPU.ActiveCfg = Debug|Any CPU
		{34CADB2E-8C6C-4860-952E-34A0CFB376C8}.Debug|Any CPU.Build.0 = Debug|Any CPU
		{34CADB2E-8C6C-4860-952E-34A0CFB376C8}.Release|Any CPU.ActiveCfg = Release|Any CPU
		{34CADB2E-8C6C-4860-952E-34A0CFB376C8}.Release|Any CPU.Build.0 = Release|Any CPU
		{1EBC258E-38E9-4752-852D-4CF6B75D7BF7}.Debug|Any CPU.ActiveCfg = Debug|Any CPU
		{1EBC258E-38E9-4752-852D-4CF6B75D7BF7}.Debug|Any CPU.Build.0 = Debug|Any CPU
		{1EBC258E-38E9-4752-852D-4CF6B75D7BF7}.Release|Any CPU.ActiveCfg = Release|Any CPU
		{1EBC258E-38E9-4752-852D-4CF6B75D7BF7}.Release|Any CPU.Build.0 = Release|Any CPU
		{E8F3B3A0-B16C-43FF-83EB-253D23B4D125}.Debug|Any CPU.ActiveCfg = Debug|Any CPU
		{E8F3B3A0-B16C-43FF-83EB-253D23B4D125}.Debug|Any CPU.Build.0 = Debug|Any CPU
		{E8F3B3A0-B16C-43FF-83EB-253D23B4D125}.Release|Any CPU.ActiveCfg = Release|Any CPU
		{E8F3B3A0-B16C-43FF-83EB-253D23B4D125}.Release|Any CPU.Build.0 = Release|Any CPU
		{30C76DFC-C693-424A-91BD-FE5280237804}.Debug|Any CPU.ActiveCfg = Debug|Any CPU
		{30C76DFC-C693-424A-91BD-FE5280237804}.Debug|Any CPU.Build.0 = Debug|Any CPU
		{30C76DFC-C693-424A-91BD-FE5280237804}.Release|Any CPU.ActiveCfg = Release|Any CPU
		{30C76DFC-C693-424A-91BD-FE5280237804}.Release|Any CPU.Build.0 = Release|Any CPU
		{C78ACCC2-36EB-4A4F-9E5A-AD7A13476B97}.Debug|Any CPU.ActiveCfg = Debug|Any CPU
		{C78ACCC2-36EB-4A4F-9E5A-AD7A13476B97}.Debug|Any CPU.Build.0 = Debug|Any CPU
		{C78ACCC2-36EB-4A4F-9E5A-AD7A13476B97}.Release|Any CPU.ActiveCfg = Release|Any CPU
		{C78ACCC2-36EB-4A4F-9E5A-AD7A13476B97}.Release|Any CPU.Build.0 = Release|Any CPU
		{D5DD551E-7BE6-4177-B51B-C8582830DD91}.Debug|Any CPU.ActiveCfg = Debug|Any CPU
		{D5DD551E-7BE6-4177-B51B-C8582830DD91}.Debug|Any CPU.Build.0 = Debug|Any CPU
		{D5DD551E-7BE6-4177-B51B-C8582830DD91}.Release|Any CPU.ActiveCfg = Release|Any CPU
		{D5DD551E-7BE6-4177-B51B-C8582830DD91}.Release|Any CPU.Build.0 = Release|Any CPU
		{8FB446C5-DC93-42AA-9CD8-F766F3F2E5AE}.Debug|Any CPU.ActiveCfg = Debug|Any CPU
		{8FB446C5-DC93-42AA-9CD8-F766F3F2E5AE}.Debug|Any CPU.Build.0 = Debug|Any CPU
		{8FB446C5-DC93-42AA-9CD8-F766F3F2E5AE}.Release|Any CPU.ActiveCfg = Release|Any CPU
		{8FB446C5-DC93-42AA-9CD8-F766F3F2E5AE}.Release|Any CPU.Build.0 = Release|Any CPU
		{B81BAAE5-147D-4D59-9FA3-C50F926475D8}.Debug|Any CPU.ActiveCfg = Debug|Any CPU
		{B81BAAE5-147D-4D59-9FA3-C50F926475D8}.Debug|Any CPU.Build.0 = Debug|Any CPU
		{B81BAAE5-147D-4D59-9FA3-C50F926475D8}.Release|Any CPU.ActiveCfg = Release|Any CPU
		{B81BAAE5-147D-4D59-9FA3-C50F926475D8}.Release|Any CPU.Build.0 = Release|Any CPU
		{7C8C11FF-B5F6-45CD-96DC-9E38364CF1F7}.Debug|Any CPU.ActiveCfg = Debug|Any CPU
		{7C8C11FF-B5F6-45CD-96DC-9E38364CF1F7}.Debug|Any CPU.Build.0 = Debug|Any CPU
		{7C8C11FF-B5F6-45CD-96DC-9E38364CF1F7}.Release|Any CPU.ActiveCfg = Release|Any CPU
		{7C8C11FF-B5F6-45CD-96DC-9E38364CF1F7}.Release|Any CPU.Build.0 = Release|Any CPU
		{89FCFF19-CF79-496F-A5EE-3CB30277D180}.Debug|Any CPU.ActiveCfg = Debug|Any CPU
		{89FCFF19-CF79-496F-A5EE-3CB30277D180}.Debug|Any CPU.Build.0 = Debug|Any CPU
		{89FCFF19-CF79-496F-A5EE-3CB30277D180}.Release|Any CPU.ActiveCfg = Release|Any CPU
		{89FCFF19-CF79-496F-A5EE-3CB30277D180}.Release|Any CPU.Build.0 = Release|Any CPU
	EndGlobalSection
	GlobalSection(SolutionProperties) = preSolution
		HideSolutionNode = FALSE
	EndGlobalSection
	GlobalSection(NestedProjects) = preSolution
		{ACA74796-33CD-4F38-9894-3C28452587B1} = {E7F349A6-71F3-461E-A951-C00E974E8939}
		{F583548F-B044-4AA0-80B4-73E6569EBCE2} = {2D58BDDA-7771-46AE-8330-7057367005B0}
		{1FE9F151-32D1-40C9-AD43-10E9B9CE462E} = {D37A90E6-DA54-4E0A-AFE5-9B81FD287106}
		{34CADB2E-8C6C-4860-952E-34A0CFB376C8} = {EBDCFD7A-98F2-415D-B7B0-0E9D681D3E12}
		{1EBC258E-38E9-4752-852D-4CF6B75D7BF7} = {D37A90E6-DA54-4E0A-AFE5-9B81FD287106}
		{2E935436-A7D0-4466-8DB8-5BF5516C2CB5} = {42DEF72C-0FFF-44D8-A1CF-3E7D2E976CA1}
		{E8F3B3A0-B16C-43FF-83EB-253D23B4D125} = {19A45906-2574-4CAF-BA9B-37D6C18D7698}
		{30C76DFC-C693-424A-91BD-FE5280237804} = {1D79F21A-7C44-4C30-9322-F667D2B08B59}
		{C78ACCC2-36EB-4A4F-9E5A-AD7A13476B97} = {42DEF72C-0FFF-44D8-A1CF-3E7D2E976CA1}
		{F3051D67-D616-4032-A1D0-F71CAC9AFF31} = {2E935436-A7D0-4466-8DB8-5BF5516C2CB5}
		{89E451A5-2D5D-4867-82AB-FA98FE4C57AF} = {F3051D67-D616-4032-A1D0-F71CAC9AFF31}
		{3394F0F2-EB90-48E9-8482-885E9AE71A6A} = {F3051D67-D616-4032-A1D0-F71CAC9AFF31}
		{D5DD551E-7BE6-4177-B51B-C8582830DD91} = {B3FFDABB-0ADA-4E61-8B21-DA6B74731AED}
		{8FB446C5-DC93-42AA-9CD8-F766F3F2E5AE} = {B3FFDABB-0ADA-4E61-8B21-DA6B74731AED}
		{9EAE9061-0249-4B8B-A606-01E614A0F6B7} = {F3051D67-D616-4032-A1D0-F71CAC9AFF31}
		{B81BAAE5-147D-4D59-9FA3-C50F926475D8} = {F153B697-283A-40FC-967B-ABBBCFC56BA0}
		{7C8C11FF-B5F6-45CD-96DC-9E38364CF1F7} = {1D79F21A-7C44-4C30-9322-F667D2B08B59}
		{89FCFF19-CF79-496F-A5EE-3CB30277D180} = {080ABBB8-205E-433F-8ABA-5CB6999755B4}
	EndGlobalSection
	GlobalSection(ExtensibilityGlobals) = postSolution
		SolutionGuid = {433496D0-C218-4F48-AE20-C539AF86AE01}
	EndGlobalSection
EndGlobal
